
Microsoft Visual Studio Solution File, Format Version 12.00
# Visual Studio Version 17
VisualStudioVersion = 17.14.36310.24
MinimumVisualStudioVersion = 10.0.40219.1
Project("{FAE04EC0-301F-11D3-BF4B-00C04F79EFBC}") = "Server", "Server\Server.csproj", "{0ADBD119-2C12-44C1-A83E-33DF950D09A0}"
EndProject
Project("{FAE04EC0-301F-11D3-BF4B-00C04F79EFBC}") = "Client", "Client\Client.csproj", "{2D1B319E-AE9B-4FD8-9936-143AF294A681}"
EndProject
Project("{FAE04EC0-301F-11D3-BF4B-00C04F79EFBC}") = "Shared", "Shared\Shared.csproj", "{1A1A176A-0CEA-43F6-805C-57CA16A99E96}"
EndProject
Global
	GlobalSection(SolutionConfigurationPlatforms) = preSolution
		Debug|Any CPU = Debug|Any CPU
		Release|Any CPU = Release|Any CPU
	EndGlobalSection
	GlobalSection(ProjectConfigurationPlatforms) = postSolution
		{0ADBD119-2C12-44C1-A83E-33DF950D09A0}.Debug|Any CPU.ActiveCfg = Debug|Any CPU
		{0ADBD119-2C12-44C1-A83E-33DF950D09A0}.Debug|Any CPU.Build.0 = Debug|Any CPU
		{0ADBD119-2C12-44C1-A83E-33DF950D09A0}.Release|Any CPU.ActiveCfg = Release|Any CPU
		{0ADBD119-2C12-44C1-A83E-33DF950D09A0}.Release|Any CPU.Build.0 = Release|Any CPU
		{2D1B319E-AE9B-4FD8-9936-143AF294A681}.Debug|Any CPU.ActiveCfg = Debug|Any CPU
		{2D1B319E-AE9B-4FD8-9936-143AF294A681}.Debug|Any CPU.Build.0 = Debug|Any CPU
		{2D1B319E-AE9B-4FD8-9936-143AF294A681}.Release|Any CPU.ActiveCfg = Release|Any CPU
		{2D1B319E-AE9B-4FD8-9936-143AF294A681}.Release|Any CPU.Build.0 = Release|Any CPU
		{1A1A176A-0CEA-43F6-805C-57CA16A99E96}.Debug|Any CPU.ActiveCfg = Debug|Any CPU
		{1A1A176A-0CEA-43F6-805C-57CA16A99E96}.Debug|Any CPU.Build.0 = Debug|Any CPU
		{1A1A176A-0CEA-43F6-805C-57CA16A99E96}.Release|Any CPU.ActiveCfg = Release|Any CPU
		{1A1A176A-0CEA-43F6-805C-57CA16A99E96}.Release|Any CPU.Build.0 = Release|Any CPU
	EndGlobalSection
	GlobalSection(SolutionProperties) = preSolution
		HideSolutionNode = FALSE
	EndGlobalSection
	GlobalSection(ExtensibilityGlobals) = postSolution
		SolutionGuid = {3BE106DE-988C-4C97-9706-8B48E171D18A}
	EndGlobalSection
EndGlobal
